// !$*UTF8*$!
{
	archiveVersion = 1;
	classes = {
	};
	objectVersion = 48;
	objects = {

/* Begin PBXBuildFile section */
		057BD3A800CDEAE19B0B8C65 /* Pods_Project_Ios.framework in Frameworks */ = {isa = PBXBuildFile; fileRef = 90E06613BC85805563AA2732 /* Pods_Project_Ios.framework */; };
		1242BBAC207564C500857661 /* UIExt.swift in Sources */ = {isa = PBXBuildFile; fileRef = 1242BBAB207564C500857661 /* UIExt.swift */; };
		1242BBAF2075686C00857661 /* StoryBoardID.swift in Sources */ = {isa = PBXBuildFile; fileRef = 1242BBAE2075686C00857661 /* StoryBoardID.swift */; };
		1251F84C2086AABC0058EF88 /* HomeVC.swift in Sources */ = {isa = PBXBuildFile; fileRef = 1251F84B2086AABB0058EF88 /* HomeVC.swift */; };
		1251F84E2086AADD0058EF88 /* HomeItemCell.swift in Sources */ = {isa = PBXBuildFile; fileRef = 1251F84D2086AADD0058EF88 /* HomeItemCell.swift */; };
		12C53DFB20754AB8005824E3 /* AppDelegate.swift in Sources */ = {isa = PBXBuildFile; fileRef = 12C53DFA20754AB8005824E3 /* AppDelegate.swift */; };
		12C53DFD20754AB8005824E3 /* MapVC.swift in Sources */ = {isa = PBXBuildFile; fileRef = 12C53DFC20754AB8005824E3 /* MapVC.swift */; };
		12C53E0220754AB8005824E3 /* Main.storyboard in Resources */ = {isa = PBXBuildFile; fileRef = 12C53E0020754AB8005824E3 /* Main.storyboard */; };
		12C53E0420754AB8005824E3 /* Assets.xcassets in Resources */ = {isa = PBXBuildFile; fileRef = 12C53E0320754AB8005824E3 /* Assets.xcassets */; };
		12C53E0720754AB8005824E3 /* LaunchScreen.storyboard in Resources */ = {isa = PBXBuildFile; fileRef = 12C53E0520754AB8005824E3 /* LaunchScreen.storyboard */; };
		12C53E1220754AB8005824E3 /* Project_IosTests.swift in Sources */ = {isa = PBXBuildFile; fileRef = 12C53E1120754AB8005824E3 /* Project_IosTests.swift */; };
		6A0A1689207F588200D8CB97 /* KeyChainUtil.swift in Sources */ = {isa = PBXBuildFile; fileRef = 6A0A1688207F588200D8CB97 /* KeyChainUtil.swift */; };
		6A2D1F72207DE28800852FCE /* UserDefaultUtil.swift in Sources */ = {isa = PBXBuildFile; fileRef = 6A2D1F71207DE28800852FCE /* UserDefaultUtil.swift */; };
		6A2D1F7A207E5E6900852FCE /* MapPresenter.swift in Sources */ = {isa = PBXBuildFile; fileRef = 6A2D1F79207E5E6900852FCE /* MapPresenter.swift */; };
		6A2D1F7C207E5E9500852FCE /* RecycleCentersService.swift in Sources */ = {isa = PBXBuildFile; fileRef = 6A2D1F7B207E5E9500852FCE /* RecycleCentersService.swift */; };
		6A2D1F7E207E5F3600852FCE /* RecycleCenter.swift in Sources */ = {isa = PBXBuildFile; fileRef = 6A2D1F7D207E5F3600852FCE /* RecycleCenter.swift */; };
		6A2D1F80207E738100852FCE /* MapItem.swift in Sources */ = {isa = PBXBuildFile; fileRef = 6A2D1F7F207E738100852FCE /* MapItem.swift */; };
		6A2D1F82207E758600852FCE /* MapMarkerView.swift in Sources */ = {isa = PBXBuildFile; fileRef = 6A2D1F81207E758600852FCE /* MapMarkerView.swift */; };
		6A2D1F86207F292000852FCE /* TouchIdService.swift in Sources */ = {isa = PBXBuildFile; fileRef = 6A2D1F85207F292000852FCE /* TouchIdService.swift */; };
		6A31B3A3207E214100BDE03F /* AuthVC.swift in Sources */ = {isa = PBXBuildFile; fileRef = 6A31B3A2207E214100BDE03F /* AuthVC.swift */; };
		6A31B3A7207E221900BDE03F /* AuthService.swift in Sources */ = {isa = PBXBuildFile; fileRef = 6A31B3A6207E221900BDE03F /* AuthService.swift */; };
		6A31B3AA207E224B00BDE03F /* AuthPresenter.swift in Sources */ = {isa = PBXBuildFile; fileRef = 6A31B3A9207E224B00BDE03F /* AuthPresenter.swift */; };
		6A31B3AC207E227400BDE03F /* AuthResponse.swift in Sources */ = {isa = PBXBuildFile; fileRef = 6A31B3AB207E227400BDE03F /* AuthResponse.swift */; };
		6A31B3AE207E229B00BDE03F /* Response.swift in Sources */ = {isa = PBXBuildFile; fileRef = 6A31B3AD207E229B00BDE03F /* Response.swift */; };
		6A31B3B0207E22AD00BDE03F /* User.swift in Sources */ = {isa = PBXBuildFile; fileRef = 6A31B3AF207E22AD00BDE03F /* User.swift */; };
		6A31B3B2207E246D00BDE03F /* ServerResponse.swift in Sources */ = {isa = PBXBuildFile; fileRef = 6A31B3B1207E246D00BDE03F /* ServerResponse.swift */; };
		6A31B3B4207E277700BDE03F /* AppError.swift in Sources */ = {isa = PBXBuildFile; fileRef = 6A31B3B3207E277700BDE03F /* AppError.swift */; };
		6A31B3B7207E2E5300BDE03F /* Constant.swift in Sources */ = {isa = PBXBuildFile; fileRef = 6A31B3B6207E2E5300BDE03F /* Constant.swift */; };
		6AA3D3752080A32B00CA24D3 /* ProfileVC.swift in Sources */ = {isa = PBXBuildFile; fileRef = 6AA3D3742080A32B00CA24D3 /* ProfileVC.swift */; };
		6AE2D6DC20875EAE00EAA747 /* HomePresenter.swift in Sources */ = {isa = PBXBuildFile; fileRef = 6AE2D6DB20875EAE00EAA747 /* HomePresenter.swift */; };
		6AE2D6DE20875EB800EAA747 /* HomeService.swift in Sources */ = {isa = PBXBuildFile; fileRef = 6AE2D6DD20875EB800EAA747 /* HomeService.swift */; };
		6AE2D6E02087640800EAA747 /* ItemHome.swift in Sources */ = {isa = PBXBuildFile; fileRef = 6AE2D6DF2087640800EAA747 /* ItemHome.swift */; };
		6AF76132207F73B600498CC1 /* OnboardingVC.swift in Sources */ = {isa = PBXBuildFile; fileRef = 6AF76131207F73B600498CC1 /* OnboardingVC.swift */; };
		6AF76134207F73D800498CC1 /* OnboardingOB.swift in Sources */ = {isa = PBXBuildFile; fileRef = 6AF76133207F73D800498CC1 /* OnboardingOB.swift */; };
		A7AEBF7CE7547B99A5D0EC46 /* Pods_Project_IosTests.framework in Frameworks */ = {isa = PBXBuildFile; fileRef = E415342BCB41B244486FA38E /* Pods_Project_IosTests.framework */; };
		C3129A3A2084C08200E6BC2A /* ProfilePresenter.swift in Sources */ = {isa = PBXBuildFile; fileRef = C3129A392084C08200E6BC2A /* ProfilePresenter.swift */; };
		C361BA262086A7170070AB46 /* TableCellExt.swift in Sources */ = {isa = PBXBuildFile; fileRef = C361BA252086A7170070AB46 /* TableCellExt.swift */; };
		C361BA2A20886DAA0070AB46 /* AlertExt.swift in Sources */ = {isa = PBXBuildFile; fileRef = C361BA2920886DAA0070AB46 /* AlertExt.swift */; };
		C3E1A95520833AA100DF3D72 /* MenuVC.swift in Sources */ = {isa = PBXBuildFile; fileRef = C3E1A95420833AA100DF3D72 /* MenuVC.swift */; };
		C3E1A95720833B8200DF3D72 /* MainVC.swift in Sources */ = {isa = PBXBuildFile; fileRef = C3E1A95620833B8200DF3D72 /* MainVC.swift */; };
/* End PBXBuildFile section */

/* Begin PBXContainerItemProxy section */
		12C53E0E20754AB8005824E3 /* PBXContainerItemProxy */ = {
			isa = PBXContainerItemProxy;
			containerPortal = 12C53DEF20754AB8005824E3 /* Project object */;
			proxyType = 1;
			remoteGlobalIDString = 12C53DF620754AB8005824E3;
			remoteInfo = Project_Ios;
		};
/* End PBXContainerItemProxy section */

/* Begin PBXFileReference section */
		1242BBAB207564C500857661 /* UIExt.swift */ = {isa = PBXFileReference; lastKnownFileType = sourcecode.swift; path = UIExt.swift; sourceTree = "<group>"; };
		1242BBAE2075686C00857661 /* StoryBoardID.swift */ = {isa = PBXFileReference; lastKnownFileType = sourcecode.swift; path = StoryBoardID.swift; sourceTree = "<group>"; };
		1251F84B2086AABB0058EF88 /* HomeVC.swift */ = {isa = PBXFileReference; lastKnownFileType = sourcecode.swift; path = HomeVC.swift; sourceTree = "<group>"; };
		1251F84D2086AADD0058EF88 /* HomeItemCell.swift */ = {isa = PBXFileReference; lastKnownFileType = sourcecode.swift; path = HomeItemCell.swift; sourceTree = "<group>"; };
		12C53DF720754AB8005824E3 /* Project_Ios.app */ = {isa = PBXFileReference; explicitFileType = wrapper.application; includeInIndex = 0; path = Project_Ios.app; sourceTree = BUILT_PRODUCTS_DIR; };
		12C53DFA20754AB8005824E3 /* AppDelegate.swift */ = {isa = PBXFileReference; lastKnownFileType = sourcecode.swift; path = AppDelegate.swift; sourceTree = "<group>"; };
		12C53DFC20754AB8005824E3 /* MapVC.swift */ = {isa = PBXFileReference; lastKnownFileType = sourcecode.swift; path = MapVC.swift; sourceTree = "<group>"; };
		12C53E0120754AB8005824E3 /* Base */ = {isa = PBXFileReference; lastKnownFileType = file.storyboard; name = Base; path = Base.lproj/Main.storyboard; sourceTree = "<group>"; };
		12C53E0320754AB8005824E3 /* Assets.xcassets */ = {isa = PBXFileReference; lastKnownFileType = folder.assetcatalog; path = Assets.xcassets; sourceTree = "<group>"; };
		12C53E0620754AB8005824E3 /* Base */ = {isa = PBXFileReference; lastKnownFileType = file.storyboard; name = Base; path = Base.lproj/LaunchScreen.storyboard; sourceTree = "<group>"; };
		12C53E0820754AB8005824E3 /* Info.plist */ = {isa = PBXFileReference; lastKnownFileType = text.plist.xml; path = Info.plist; sourceTree = "<group>"; };
		12C53E0D20754AB8005824E3 /* Project_IosTests.xctest */ = {isa = PBXFileReference; explicitFileType = wrapper.cfbundle; includeInIndex = 0; path = Project_IosTests.xctest; sourceTree = BUILT_PRODUCTS_DIR; };
		12C53E1120754AB8005824E3 /* Project_IosTests.swift */ = {isa = PBXFileReference; lastKnownFileType = sourcecode.swift; path = Project_IosTests.swift; sourceTree = "<group>"; };
		12C53E1320754AB8005824E3 /* Info.plist */ = {isa = PBXFileReference; lastKnownFileType = text.plist.xml; path = Info.plist; sourceTree = "<group>"; };
		4F0546C71E6FF74A824D7204 /* Pods-Project_IosTests.release.xcconfig */ = {isa = PBXFileReference; includeInIndex = 1; lastKnownFileType = text.xcconfig; name = "Pods-Project_IosTests.release.xcconfig"; path = "Pods/Target Support Files/Pods-Project_IosTests/Pods-Project_IosTests.release.xcconfig"; sourceTree = "<group>"; };
		6A0A1688207F588200D8CB97 /* KeyChainUtil.swift */ = {isa = PBXFileReference; lastKnownFileType = sourcecode.swift; path = KeyChainUtil.swift; sourceTree = "<group>"; };
		6A2D1F71207DE28800852FCE /* UserDefaultUtil.swift */ = {isa = PBXFileReference; lastKnownFileType = sourcecode.swift; path = UserDefaultUtil.swift; sourceTree = "<group>"; };
		6A2D1F79207E5E6900852FCE /* MapPresenter.swift */ = {isa = PBXFileReference; lastKnownFileType = sourcecode.swift; path = MapPresenter.swift; sourceTree = "<group>"; };
		6A2D1F7B207E5E9500852FCE /* RecycleCentersService.swift */ = {isa = PBXFileReference; lastKnownFileType = sourcecode.swift; path = RecycleCentersService.swift; sourceTree = "<group>"; };
		6A2D1F7D207E5F3600852FCE /* RecycleCenter.swift */ = {isa = PBXFileReference; lastKnownFileType = sourcecode.swift; path = RecycleCenter.swift; sourceTree = "<group>"; };
		6A2D1F7F207E738100852FCE /* MapItem.swift */ = {isa = PBXFileReference; lastKnownFileType = sourcecode.swift; path = MapItem.swift; sourceTree = "<group>"; };
		6A2D1F81207E758600852FCE /* MapMarkerView.swift */ = {isa = PBXFileReference; lastKnownFileType = sourcecode.swift; path = MapMarkerView.swift; sourceTree = "<group>"; };
		6A2D1F85207F292000852FCE /* TouchIdService.swift */ = {isa = PBXFileReference; lastKnownFileType = sourcecode.swift; path = TouchIdService.swift; sourceTree = "<group>"; };
		6A31B3A2207E214100BDE03F /* AuthVC.swift */ = {isa = PBXFileReference; lastKnownFileType = sourcecode.swift; path = AuthVC.swift; sourceTree = "<group>"; };
		6A31B3A6207E221900BDE03F /* AuthService.swift */ = {isa = PBXFileReference; lastKnownFileType = sourcecode.swift; path = AuthService.swift; sourceTree = "<group>"; };
		6A31B3A9207E224B00BDE03F /* AuthPresenter.swift */ = {isa = PBXFileReference; lastKnownFileType = sourcecode.swift; path = AuthPresenter.swift; sourceTree = "<group>"; };
		6A31B3AB207E227400BDE03F /* AuthResponse.swift */ = {isa = PBXFileReference; lastKnownFileType = sourcecode.swift; path = AuthResponse.swift; sourceTree = "<group>"; };
		6A31B3AD207E229B00BDE03F /* Response.swift */ = {isa = PBXFileReference; lastKnownFileType = sourcecode.swift; path = Response.swift; sourceTree = "<group>"; };
		6A31B3AF207E22AD00BDE03F /* User.swift */ = {isa = PBXFileReference; lastKnownFileType = sourcecode.swift; path = User.swift; sourceTree = "<group>"; };
		6A31B3B1207E246D00BDE03F /* ServerResponse.swift */ = {isa = PBXFileReference; lastKnownFileType = sourcecode.swift; path = ServerResponse.swift; sourceTree = "<group>"; };
		6A31B3B3207E277700BDE03F /* AppError.swift */ = {isa = PBXFileReference; lastKnownFileType = sourcecode.swift; path = AppError.swift; sourceTree = "<group>"; };
		6A31B3B6207E2E5300BDE03F /* Constant.swift */ = {isa = PBXFileReference; lastKnownFileType = sourcecode.swift; path = Constant.swift; sourceTree = "<group>"; };
		6AA3D3742080A32B00CA24D3 /* ProfileVC.swift */ = {isa = PBXFileReference; lastKnownFileType = sourcecode.swift; path = ProfileVC.swift; sourceTree = "<group>"; };
		6AE2D6DB20875EAE00EAA747 /* HomePresenter.swift */ = {isa = PBXFileReference; lastKnownFileType = sourcecode.swift; path = HomePresenter.swift; sourceTree = "<group>"; };
		6AE2D6DD20875EB800EAA747 /* HomeService.swift */ = {isa = PBXFileReference; lastKnownFileType = sourcecode.swift; path = HomeService.swift; sourceTree = "<group>"; };
		6AE2D6DF2087640800EAA747 /* ItemHome.swift */ = {isa = PBXFileReference; lastKnownFileType = sourcecode.swift; path = ItemHome.swift; sourceTree = "<group>"; };
		6AF76131207F73B600498CC1 /* OnboardingVC.swift */ = {isa = PBXFileReference; lastKnownFileType = sourcecode.swift; path = OnboardingVC.swift; sourceTree = "<group>"; };
		6AF76133207F73D800498CC1 /* OnboardingOB.swift */ = {isa = PBXFileReference; lastKnownFileType = sourcecode.swift; path = OnboardingOB.swift; sourceTree = "<group>"; };
		6C94714BDD9F266D7F091819 /* Pods-Project_Ios.release.xcconfig */ = {isa = PBXFileReference; includeInIndex = 1; lastKnownFileType = text.xcconfig; name = "Pods-Project_Ios.release.xcconfig"; path = "Pods/Target Support Files/Pods-Project_Ios/Pods-Project_Ios.release.xcconfig"; sourceTree = "<group>"; };
		90E06613BC85805563AA2732 /* Pods_Project_Ios.framework */ = {isa = PBXFileReference; explicitFileType = wrapper.framework; includeInIndex = 0; path = Pods_Project_Ios.framework; sourceTree = BUILT_PRODUCTS_DIR; };
		9E22CBD513728047C41760A8 /* Pods-Project_IosTests.debug.xcconfig */ = {isa = PBXFileReference; includeInIndex = 1; lastKnownFileType = text.xcconfig; name = "Pods-Project_IosTests.debug.xcconfig"; path = "Pods/Target Support Files/Pods-Project_IosTests/Pods-Project_IosTests.debug.xcconfig"; sourceTree = "<group>"; };
		A62BE4410FE6EBAB1977BABF /* Pods-Project_Ios.debug.xcconfig */ = {isa = PBXFileReference; includeInIndex = 1; lastKnownFileType = text.xcconfig; name = "Pods-Project_Ios.debug.xcconfig"; path = "Pods/Target Support Files/Pods-Project_Ios/Pods-Project_Ios.debug.xcconfig"; sourceTree = "<group>"; };
		C3129A392084C08200E6BC2A /* ProfilePresenter.swift */ = {isa = PBXFileReference; lastKnownFileType = sourcecode.swift; path = ProfilePresenter.swift; sourceTree = "<group>"; };
		C361BA252086A7170070AB46 /* TableCellExt.swift */ = {isa = PBXFileReference; lastKnownFileType = sourcecode.swift; path = TableCellExt.swift; sourceTree = "<group>"; };
		C361BA2920886DAA0070AB46 /* AlertExt.swift */ = {isa = PBXFileReference; lastKnownFileType = sourcecode.swift; path = AlertExt.swift; sourceTree = "<group>"; };
		C3E1A95420833AA100DF3D72 /* MenuVC.swift */ = {isa = PBXFileReference; lastKnownFileType = sourcecode.swift; path = MenuVC.swift; sourceTree = "<group>"; };
		C3E1A95620833B8200DF3D72 /* MainVC.swift */ = {isa = PBXFileReference; lastKnownFileType = sourcecode.swift; path = MainVC.swift; sourceTree = "<group>"; };
		E415342BCB41B244486FA38E /* Pods_Project_IosTests.framework */ = {isa = PBXFileReference; explicitFileType = wrapper.framework; includeInIndex = 0; path = Pods_Project_IosTests.framework; sourceTree = BUILT_PRODUCTS_DIR; };
/* End PBXFileReference section */

/* Begin PBXFrameworksBuildPhase section */
		12C53DF420754AB8005824E3 /* Frameworks */ = {
			isa = PBXFrameworksBuildPhase;
			buildActionMask = 2147483647;
			files = (
				057BD3A800CDEAE19B0B8C65 /* Pods_Project_Ios.framework in Frameworks */,
			);
			runOnlyForDeploymentPostprocessing = 0;
		};
		12C53E0A20754AB8005824E3 /* Frameworks */ = {
			isa = PBXFrameworksBuildPhase;
			buildActionMask = 2147483647;
			files = (
				A7AEBF7CE7547B99A5D0EC46 /* Pods_Project_IosTests.framework in Frameworks */,
			);
			runOnlyForDeploymentPostprocessing = 0;
		};
/* End PBXFrameworksBuildPhase section */

/* Begin PBXGroup section */
		1242BBA52075620500857661 /* Screens */ = {
			isa = PBXGroup;
			children = (
				1251F84A2086AAA00058EF88 /* HomeScreen */,
				6AA3D3732080A30C00CA24D3 /* ProfileScreen */,
				6AF76130207F739700498CC1 /* OnboardingScreen */,
				6A2D1F77207E5DB500852FCE /* MapScreen */,
				6A31B3B5207E28DE00BDE03F /* AuthScreen */,
				C3E1A95420833AA100DF3D72 /* MenuVC.swift */,
				C3E1A95620833B8200DF3D72 /* MainVC.swift */,
			);
			path = Screens;
			sourceTree = "<group>";
		};
		1242BBAA2075649900857661 /* Extension */ = {
			isa = PBXGroup;
			children = (
				1242BBAB207564C500857661 /* UIExt.swift */,
				C361BA252086A7170070AB46 /* TableCellExt.swift */,
				C361BA2920886DAA0070AB46 /* AlertExt.swift */,
			);
			path = Extension;
			sourceTree = "<group>";
		};
		1242BBAD2075685400857661 /* Enums */ = {
			isa = PBXGroup;
			children = (
				1242BBAE2075686C00857661 /* StoryBoardID.swift */,
				6A31B3B3207E277700BDE03F /* AppError.swift */,
			);
			path = Enums;
			sourceTree = "<group>";
		};
		1251F84A2086AAA00058EF88 /* HomeScreen */ = {
			isa = PBXGroup;
			children = (
				1251F84B2086AABB0058EF88 /* HomeVC.swift */,
				1251F84D2086AADD0058EF88 /* HomeItemCell.swift */,
				6AE2D6DB20875EAE00EAA747 /* HomePresenter.swift */,
			);
			path = HomeScreen;
			sourceTree = "<group>";
		};
		12C53DEE20754AB8005824E3 = {
			isa = PBXGroup;
			children = (
				12C53DF920754AB8005824E3 /* Project_Ios */,
				12C53E1020754AB8005824E3 /* Project_IosTests */,
				12C53DF820754AB8005824E3 /* Products */,
				218A6234638873D874359A59 /* Pods */,
				556B8BED388A8DC621C34614 /* Frameworks */,
			);
			sourceTree = "<group>";
		};
		12C53DF820754AB8005824E3 /* Products */ = {
			isa = PBXGroup;
			children = (
				12C53DF720754AB8005824E3 /* Project_Ios.app */,
				12C53E0D20754AB8005824E3 /* Project_IosTests.xctest */,
			);
			name = Products;
			sourceTree = "<group>";
		};
		12C53DF920754AB8005824E3 /* Project_Ios */ = {
			isa = PBXGroup;
			children = (
				12C53DFA20754AB8005824E3 /* AppDelegate.swift */,
				6A31B3A5207E21F100BDE03F /* Model */,
				6A31B3A4207E21E600BDE03F /* Service */,
				6A2D1F70207DE17900852FCE /* Utilities */,
				1242BBAD2075685400857661 /* Enums */,
				1242BBA52075620500857661 /* Screens */,
				1242BBAA2075649900857661 /* Extension */,
				12C53E0820754AB8005824E3 /* Info.plist */,
				12C53E0020754AB8005824E3 /* Main.storyboard */,
				12C53E0320754AB8005824E3 /* Assets.xcassets */,
				12C53E0520754AB8005824E3 /* LaunchScreen.storyboard */,
			);
			path = Project_Ios;
			sourceTree = "<group>";
		};
		12C53E1020754AB8005824E3 /* Project_IosTests */ = {
			isa = PBXGroup;
			children = (
				12C53E1120754AB8005824E3 /* Project_IosTests.swift */,
				12C53E1320754AB8005824E3 /* Info.plist */,
			);
			path = Project_IosTests;
			sourceTree = "<group>";
		};
		218A6234638873D874359A59 /* Pods */ = {
			isa = PBXGroup;
			children = (
				A62BE4410FE6EBAB1977BABF /* Pods-Project_Ios.debug.xcconfig */,
				6C94714BDD9F266D7F091819 /* Pods-Project_Ios.release.xcconfig */,
				9E22CBD513728047C41760A8 /* Pods-Project_IosTests.debug.xcconfig */,
				4F0546C71E6FF74A824D7204 /* Pods-Project_IosTests.release.xcconfig */,
			);
			name = Pods;
			sourceTree = "<group>";
		};
		556B8BED388A8DC621C34614 /* Frameworks */ = {
			isa = PBXGroup;
			children = (
				90E06613BC85805563AA2732 /* Pods_Project_Ios.framework */,
				E415342BCB41B244486FA38E /* Pods_Project_IosTests.framework */,
			);
			name = Frameworks;
			sourceTree = "<group>";
		};
		6A2D1F70207DE17900852FCE /* Utilities */ = {
			isa = PBXGroup;
			children = (
				6A2D1F71207DE28800852FCE /* UserDefaultUtil.swift */,
				6A31B3B1207E246D00BDE03F /* ServerResponse.swift */,
				6A31B3B6207E2E5300BDE03F /* Constant.swift */,
				6A0A1688207F588200D8CB97 /* KeyChainUtil.swift */,
			);
			path = Utilities;
			sourceTree = "<group>";
		};
		6A2D1F77207E5DB500852FCE /* MapScreen */ = {
			isa = PBXGroup;
			children = (
				12C53DFC20754AB8005824E3 /* MapVC.swift */,
				6A2D1F79207E5E6900852FCE /* MapPresenter.swift */,
				6A2D1F7F207E738100852FCE /* MapItem.swift */,
				6A2D1F81207E758600852FCE /* MapMarkerView.swift */,
			);
			path = MapScreen;
			sourceTree = "<group>";
		};
		6A31B3A4207E21E600BDE03F /* Service */ = {
			isa = PBXGroup;
			children = (
				6A31B3A6207E221900BDE03F /* AuthService.swift */,
				6A2D1F7B207E5E9500852FCE /* RecycleCentersService.swift */,
				6A2D1F85207F292000852FCE /* TouchIdService.swift */,
				6AE2D6DD20875EB800EAA747 /* HomeService.swift */,
			);
			path = Service;
			sourceTree = "<group>";
		};
		6A31B3A5207E21F100BDE03F /* Model */ = {
			isa = PBXGroup;
			children = (
				6A31B3AB207E227400BDE03F /* AuthResponse.swift */,
				6A31B3AD207E229B00BDE03F /* Response.swift */,
				6A31B3AF207E22AD00BDE03F /* User.swift */,
				6A2D1F7D207E5F3600852FCE /* RecycleCenter.swift */,
				6AE2D6DF2087640800EAA747 /* ItemHome.swift */,
			);
			path = Model;
			sourceTree = "<group>";
		};
		6A31B3B5207E28DE00BDE03F /* AuthScreen */ = {
			isa = PBXGroup;
			children = (
				6A31B3A9207E224B00BDE03F /* AuthPresenter.swift */,
				6A31B3A2207E214100BDE03F /* AuthVC.swift */,
			);
			path = AuthScreen;
			sourceTree = "<group>";
		};
		6AA3D3732080A30C00CA24D3 /* ProfileScreen */ = {
			isa = PBXGroup;
			children = (
				6AA3D3742080A32B00CA24D3 /* ProfileVC.swift */,
				C3129A392084C08200E6BC2A /* ProfilePresenter.swift */,
			);
			path = ProfileScreen;
			sourceTree = "<group>";
		};
		6AF76130207F739700498CC1 /* OnboardingScreen */ = {
			isa = PBXGroup;
			children = (
				6AF76131207F73B600498CC1 /* OnboardingVC.swift */,
				6AF76133207F73D800498CC1 /* OnboardingOB.swift */,
			);
			path = OnboardingScreen;
			sourceTree = "<group>";
		};
/* End PBXGroup section */

/* Begin PBXNativeTarget section */
		12C53DF620754AB8005824E3 /* Project_Ios */ = {
			isa = PBXNativeTarget;
			buildConfigurationList = 12C53E1620754AB8005824E3 /* Build configuration list for PBXNativeTarget "Project_Ios" */;
			buildPhases = (
				DDEC9A071512B620CDA6023B /* [CP] Check Pods Manifest.lock */,
				12C53DF320754AB8005824E3 /* Sources */,
				12C53DF420754AB8005824E3 /* Frameworks */,
				12C53DF520754AB8005824E3 /* Resources */,
				281C37CCB3B2F34BF631A369 /* [CP] Embed Pods Frameworks */,
			);
			buildRules = (
			);
			dependencies = (
			);
			name = Project_Ios;
			productName = Project_Ios;
			productReference = 12C53DF720754AB8005824E3 /* Project_Ios.app */;
			productType = "com.apple.product-type.application";
		};
		12C53E0C20754AB8005824E3 /* Project_IosTests */ = {
			isa = PBXNativeTarget;
			buildConfigurationList = 12C53E1920754AB8005824E3 /* Build configuration list for PBXNativeTarget "Project_IosTests" */;
			buildPhases = (
				5F6B32B96C073B82956EB131 /* [CP] Check Pods Manifest.lock */,
				12C53E0920754AB8005824E3 /* Sources */,
				12C53E0A20754AB8005824E3 /* Frameworks */,
				12C53E0B20754AB8005824E3 /* Resources */,
			);
			buildRules = (
			);
			dependencies = (
				12C53E0F20754AB8005824E3 /* PBXTargetDependency */,
			);
			name = Project_IosTests;
			productName = Project_IosTests;
			productReference = 12C53E0D20754AB8005824E3 /* Project_IosTests.xctest */;
			productType = "com.apple.product-type.bundle.unit-test";
		};
/* End PBXNativeTarget section */

/* Begin PBXProject section */
		12C53DEF20754AB8005824E3 /* Project object */ = {
			isa = PBXProject;
			attributes = {
				LastSwiftUpdateCheck = 0920;
				LastUpgradeCheck = 0920;
				ORGANIZATIONNAME = "Dat Truong";
				TargetAttributes = {
					12C53DF620754AB8005824E3 = {
						CreatedOnToolsVersion = 9.2;
						ProvisioningStyle = Automatic;
					};
					12C53E0C20754AB8005824E3 = {
						CreatedOnToolsVersion = 9.2;
						ProvisioningStyle = Automatic;
						TestTargetID = 12C53DF620754AB8005824E3;
					};
				};
			};
			buildConfigurationList = 12C53DF220754AB8005824E3 /* Build configuration list for PBXProject "Project_Ios" */;
			compatibilityVersion = "Xcode 8.0";
			developmentRegion = en;
			hasScannedForEncodings = 0;
			knownRegions = (
				en,
				Base,
			);
			mainGroup = 12C53DEE20754AB8005824E3;
			productRefGroup = 12C53DF820754AB8005824E3 /* Products */;
			projectDirPath = "";
			projectRoot = "";
			targets = (
				12C53DF620754AB8005824E3 /* Project_Ios */,
				12C53E0C20754AB8005824E3 /* Project_IosTests */,
			);
		};
/* End PBXProject section */

/* Begin PBXResourcesBuildPhase section */
		12C53DF520754AB8005824E3 /* Resources */ = {
			isa = PBXResourcesBuildPhase;
			buildActionMask = 2147483647;
			files = (
				12C53E0720754AB8005824E3 /* LaunchScreen.storyboard in Resources */,
				12C53E0420754AB8005824E3 /* Assets.xcassets in Resources */,
				12C53E0220754AB8005824E3 /* Main.storyboard in Resources */,
			);
			runOnlyForDeploymentPostprocessing = 0;
		};
		12C53E0B20754AB8005824E3 /* Resources */ = {
			isa = PBXResourcesBuildPhase;
			buildActionMask = 2147483647;
			files = (
			);
			runOnlyForDeploymentPostprocessing = 0;
		};
/* End PBXResourcesBuildPhase section */

/* Begin PBXShellScriptBuildPhase section */
		281C37CCB3B2F34BF631A369 /* [CP] Embed Pods Frameworks */ = {
			isa = PBXShellScriptBuildPhase;
			buildActionMask = 2147483647;
			files = (
			);
			inputPaths = (
				"${SRCROOT}/Pods/Target Support Files/Pods-Project_Ios/Pods-Project_Ios-frameworks.sh",
				"${BUILT_PRODUCTS_DIR}/Alamofire/Alamofire.framework",
				"${BUILT_PRODUCTS_DIR}/FoldingCell/FoldingCell.framework",
				"${BUILT_PRODUCTS_DIR}/KeychainAccess/KeychainAccess.framework",
				"${BUILT_PRODUCTS_DIR}/Kingfisher/Kingfisher.framework",
				"${BUILT_PRODUCTS_DIR}/SVProgressHUD/SVProgressHUD.framework",
				"${BUILT_PRODUCTS_DIR}/Stripe/Stripe.framework",
				"${BUILT_PRODUCTS_DIR}/YALSideMenu/SideMenu.framework",
				"${BUILT_PRODUCTS_DIR}/paper-onboarding/paper_onboarding.framework",
			);
			name = "[CP] Embed Pods Frameworks";
			outputPaths = (
				"${TARGET_BUILD_DIR}/${FRAMEWORKS_FOLDER_PATH}/Alamofire.framework",
				"${TARGET_BUILD_DIR}/${FRAMEWORKS_FOLDER_PATH}/FoldingCell.framework",
				"${TARGET_BUILD_DIR}/${FRAMEWORKS_FOLDER_PATH}/KeychainAccess.framework",
				"${TARGET_BUILD_DIR}/${FRAMEWORKS_FOLDER_PATH}/Kingfisher.framework",
				"${TARGET_BUILD_DIR}/${FRAMEWORKS_FOLDER_PATH}/SVProgressHUD.framework",
				"${TARGET_BUILD_DIR}/${FRAMEWORKS_FOLDER_PATH}/Stripe.framework",
				"${TARGET_BUILD_DIR}/${FRAMEWORKS_FOLDER_PATH}/SideMenu.framework",
				"${TARGET_BUILD_DIR}/${FRAMEWORKS_FOLDER_PATH}/paper_onboarding.framework",
			);
			runOnlyForDeploymentPostprocessing = 0;
			shellPath = /bin/sh;
			shellScript = "\"${SRCROOT}/Pods/Target Support Files/Pods-Project_Ios/Pods-Project_Ios-frameworks.sh\"\n";
			showEnvVarsInLog = 0;
		};
		5F6B32B96C073B82956EB131 /* [CP] Check Pods Manifest.lock */ = {
			isa = PBXShellScriptBuildPhase;
			buildActionMask = 2147483647;
			files = (
			);
			inputPaths = (
				"${PODS_PODFILE_DIR_PATH}/Podfile.lock",
				"${PODS_ROOT}/Manifest.lock",
			);
			name = "[CP] Check Pods Manifest.lock";
			outputPaths = (
				"$(DERIVED_FILE_DIR)/Pods-Project_IosTests-checkManifestLockResult.txt",
			);
			runOnlyForDeploymentPostprocessing = 0;
			shellPath = /bin/sh;
			shellScript = "diff \"${PODS_PODFILE_DIR_PATH}/Podfile.lock\" \"${PODS_ROOT}/Manifest.lock\" > /dev/null\nif [ $? != 0 ] ; then\n    # print error to STDERR\n    echo \"error: The sandbox is not in sync with the Podfile.lock. Run 'pod install' or update your CocoaPods installation.\" >&2\n    exit 1\nfi\n# This output is used by Xcode 'outputs' to avoid re-running this script phase.\necho \"SUCCESS\" > \"${SCRIPT_OUTPUT_FILE_0}\"\n";
			showEnvVarsInLog = 0;
		};
		DDEC9A071512B620CDA6023B /* [CP] Check Pods Manifest.lock */ = {
			isa = PBXShellScriptBuildPhase;
			buildActionMask = 2147483647;
			files = (
			);
			inputPaths = (
				"${PODS_PODFILE_DIR_PATH}/Podfile.lock",
				"${PODS_ROOT}/Manifest.lock",
			);
			name = "[CP] Check Pods Manifest.lock";
			outputPaths = (
				"$(DERIVED_FILE_DIR)/Pods-Project_Ios-checkManifestLockResult.txt",
			);
			runOnlyForDeploymentPostprocessing = 0;
			shellPath = /bin/sh;
			shellScript = "diff \"${PODS_PODFILE_DIR_PATH}/Podfile.lock\" \"${PODS_ROOT}/Manifest.lock\" > /dev/null\nif [ $? != 0 ] ; then\n    # print error to STDERR\n    echo \"error: The sandbox is not in sync with the Podfile.lock. Run 'pod install' or update your CocoaPods installation.\" >&2\n    exit 1\nfi\n# This output is used by Xcode 'outputs' to avoid re-running this script phase.\necho \"SUCCESS\" > \"${SCRIPT_OUTPUT_FILE_0}\"\n";
			showEnvVarsInLog = 0;
		};
/* End PBXShellScriptBuildPhase section */

/* Begin PBXSourcesBuildPhase section */
		12C53DF320754AB8005824E3 /* Sources */ = {
			isa = PBXSourcesBuildPhase;
			buildActionMask = 2147483647;
			files = (
				6AF76134207F73D800498CC1 /* OnboardingOB.swift in Sources */,
				1251F84C2086AABC0058EF88 /* HomeVC.swift in Sources */,
				6A2D1F72207DE28800852FCE /* UserDefaultUtil.swift in Sources */,
				6AE2D6DC20875EAE00EAA747 /* HomePresenter.swift in Sources */,
				6A31B3B7207E2E5300BDE03F /* Constant.swift in Sources */,
				C3E1A95720833B8200DF3D72 /* MainVC.swift in Sources */,
				6AE2D6DE20875EB800EAA747 /* HomeService.swift in Sources */,
				6A2D1F7A207E5E6900852FCE /* MapPresenter.swift in Sources */,
				6AF76132207F73B600498CC1 /* OnboardingVC.swift in Sources */,
				1242BBAC207564C500857661 /* UIExt.swift in Sources */,
				6A31B3B2207E246D00BDE03F /* ServerResponse.swift in Sources */,
				6AA3D3752080A32B00CA24D3 /* ProfileVC.swift in Sources */,
				12C53DFB20754AB8005824E3 /* AppDelegate.swift in Sources */,
				6A31B3AA207E224B00BDE03F /* AuthPresenter.swift in Sources */,
				6A2D1F7E207E5F3600852FCE /* RecycleCenter.swift in Sources */,
				6A2D1F80207E738100852FCE /* MapItem.swift in Sources */,
				6A2D1F7C207E5E9500852FCE /* RecycleCentersService.swift in Sources */,
				C361BA262086A7170070AB46 /* TableCellExt.swift in Sources */,
				6A31B3B4207E277700BDE03F /* AppError.swift in Sources */,
				6AE2D6E02087640800EAA747 /* ItemHome.swift in Sources */,
				6A31B3A3207E214100BDE03F /* AuthVC.swift in Sources */,
				1251F84E2086AADD0058EF88 /* HomeItemCell.swift in Sources */,
				1242BBAF2075686C00857661 /* StoryBoardID.swift in Sources */,
				6A31B3AE207E229B00BDE03F /* Response.swift in Sources */,
				6A31B3B0207E22AD00BDE03F /* User.swift in Sources */,
				C3E1A95520833AA100DF3D72 /* MenuVC.swift in Sources */,
				12C53DFD20754AB8005824E3 /* MapVC.swift in Sources */,
				6A2D1F82207E758600852FCE /* MapMarkerView.swift in Sources */,
				6A31B3AC207E227400BDE03F /* AuthResponse.swift in Sources */,
				C3129A3A2084C08200E6BC2A /* ProfilePresenter.swift in Sources */,
				C361BA2A20886DAA0070AB46 /* AlertExt.swift in Sources */,
				6A2D1F86207F292000852FCE /* TouchIdService.swift in Sources */,
				6A31B3A7207E221900BDE03F /* AuthService.swift in Sources */,
				6A0A1689207F588200D8CB97 /* KeyChainUtil.swift in Sources */,
			);
			runOnlyForDeploymentPostprocessing = 0;
		};
		12C53E0920754AB8005824E3 /* Sources */ = {
			isa = PBXSourcesBuildPhase;
			buildActionMask = 2147483647;
			files = (
				12C53E1220754AB8005824E3 /* Project_IosTests.swift in Sources */,
			);
			runOnlyForDeploymentPostprocessing = 0;
		};
/* End PBXSourcesBuildPhase section */

/* Begin PBXTargetDependency section */
		12C53E0F20754AB8005824E3 /* PBXTargetDependency */ = {
			isa = PBXTargetDependency;
			target = 12C53DF620754AB8005824E3 /* Project_Ios */;
			targetProxy = 12C53E0E20754AB8005824E3 /* PBXContainerItemProxy */;
		};
/* End PBXTargetDependency section */

/* Begin PBXVariantGroup section */
		12C53E0020754AB8005824E3 /* Main.storyboard */ = {
			isa = PBXVariantGroup;
			children = (
				12C53E0120754AB8005824E3 /* Base */,
			);
			name = Main.storyboard;
			sourceTree = "<group>";
		};
		12C53E0520754AB8005824E3 /* LaunchScreen.storyboard */ = {
			isa = PBXVariantGroup;
			children = (
				12C53E0620754AB8005824E3 /* Base */,
			);
			name = LaunchScreen.storyboard;
			sourceTree = "<group>";
		};
/* End PBXVariantGroup section */

/* Begin XCBuildConfiguration section */
		12C53E1420754AB8005824E3 /* Debug */ = {
			isa = XCBuildConfiguration;
			buildSettings = {
				ALWAYS_SEARCH_USER_PATHS = NO;
				CLANG_ANALYZER_NONNULL = YES;
				CLANG_ANALYZER_NUMBER_OBJECT_CONVERSION = YES_AGGRESSIVE;
				CLANG_CXX_LANGUAGE_STANDARD = "gnu++14";
				CLANG_CXX_LIBRARY = "libc++";
				CLANG_ENABLE_MODULES = YES;
				CLANG_ENABLE_OBJC_ARC = YES;
				CLANG_WARN_BLOCK_CAPTURE_AUTORELEASING = YES;
				CLANG_WARN_BOOL_CONVERSION = YES;
				CLANG_WARN_COMMA = YES;
				CLANG_WARN_CONSTANT_CONVERSION = YES;
				CLANG_WARN_DIRECT_OBJC_ISA_USAGE = YES_ERROR;
				CLANG_WARN_DOCUMENTATION_COMMENTS = YES;
				CLANG_WARN_EMPTY_BODY = YES;
				CLANG_WARN_ENUM_CONVERSION = YES;
				CLANG_WARN_INFINITE_RECURSION = YES;
				CLANG_WARN_INT_CONVERSION = YES;
				CLANG_WARN_NON_LITERAL_NULL_CONVERSION = YES;
				CLANG_WARN_OBJC_LITERAL_CONVERSION = YES;
				CLANG_WARN_OBJC_ROOT_CLASS = YES_ERROR;
				CLANG_WARN_RANGE_LOOP_ANALYSIS = YES;
				CLANG_WARN_STRICT_PROTOTYPES = YES;
				CLANG_WARN_SUSPICIOUS_MOVE = YES;
				CLANG_WARN_UNGUARDED_AVAILABILITY = YES_AGGRESSIVE;
				CLANG_WARN_UNREACHABLE_CODE = YES;
				CLANG_WARN__DUPLICATE_METHOD_MATCH = YES;
				CODE_SIGN_IDENTITY = "iPhone Developer";
				COPY_PHASE_STRIP = NO;
				DEBUG_INFORMATION_FORMAT = dwarf;
				ENABLE_STRICT_OBJC_MSGSEND = YES;
				ENABLE_TESTABILITY = YES;
				GCC_C_LANGUAGE_STANDARD = gnu11;
				GCC_DYNAMIC_NO_PIC = NO;
				GCC_NO_COMMON_BLOCKS = YES;
				GCC_OPTIMIZATION_LEVEL = 0;
				GCC_PREPROCESSOR_DEFINITIONS = (
					"DEBUG=1",
					"$(inherited)",
				);
				GCC_WARN_64_TO_32_BIT_CONVERSION = YES;
				GCC_WARN_ABOUT_RETURN_TYPE = YES_ERROR;
				GCC_WARN_UNDECLARED_SELECTOR = YES;
				GCC_WARN_UNINITIALIZED_AUTOS = YES_AGGRESSIVE;
				GCC_WARN_UNUSED_FUNCTION = YES;
				GCC_WARN_UNUSED_VARIABLE = YES;
				IPHONEOS_DEPLOYMENT_TARGET = 11.2;
				MTL_ENABLE_DEBUG_INFO = YES;
				ONLY_ACTIVE_ARCH = YES;
				SDKROOT = iphoneos;
				SWIFT_ACTIVE_COMPILATION_CONDITIONS = DEBUG;
				SWIFT_OPTIMIZATION_LEVEL = "-Onone";
			};
			name = Debug;
		};
		12C53E1520754AB8005824E3 /* Release */ = {
			isa = XCBuildConfiguration;
			buildSettings = {
				ALWAYS_SEARCH_USER_PATHS = NO;
				CLANG_ANALYZER_NONNULL = YES;
				CLANG_ANALYZER_NUMBER_OBJECT_CONVERSION = YES_AGGRESSIVE;
				CLANG_CXX_LANGUAGE_STANDARD = "gnu++14";
				CLANG_CXX_LIBRARY = "libc++";
				CLANG_ENABLE_MODULES = YES;
				CLANG_ENABLE_OBJC_ARC = YES;
				CLANG_WARN_BLOCK_CAPTURE_AUTORELEASING = YES;
				CLANG_WARN_BOOL_CONVERSION = YES;
				CLANG_WARN_COMMA = YES;
				CLANG_WARN_CONSTANT_CONVERSION = YES;
				CLANG_WARN_DIRECT_OBJC_ISA_USAGE = YES_ERROR;
				CLANG_WARN_DOCUMENTATION_COMMENTS = YES;
				CLANG_WARN_EMPTY_BODY = YES;
				CLANG_WARN_ENUM_CONVERSION = YES;
				CLANG_WARN_INFINITE_RECURSION = YES;
				CLANG_WARN_INT_CONVERSION = YES;
				CLANG_WARN_NON_LITERAL_NULL_CONVERSION = YES;
				CLANG_WARN_OBJC_LITERAL_CONVERSION = YES;
				CLANG_WARN_OBJC_ROOT_CLASS = YES_ERROR;
				CLANG_WARN_RANGE_LOOP_ANALYSIS = YES;
				CLANG_WARN_STRICT_PROTOTYPES = YES;
				CLANG_WARN_SUSPICIOUS_MOVE = YES;
				CLANG_WARN_UNGUARDED_AVAILABILITY = YES_AGGRESSIVE;
				CLANG_WARN_UNREACHABLE_CODE = YES;
				CLANG_WARN__DUPLICATE_METHOD_MATCH = YES;
				CODE_SIGN_IDENTITY = "iPhone Developer";
				COPY_PHASE_STRIP = NO;
				DEBUG_INFORMATION_FORMAT = "dwarf-with-dsym";
				ENABLE_NS_ASSERTIONS = NO;
				ENABLE_STRICT_OBJC_MSGSEND = YES;
				GCC_C_LANGUAGE_STANDARD = gnu11;
				GCC_NO_COMMON_BLOCKS = YES;
				GCC_WARN_64_TO_32_BIT_CONVERSION = YES;
				GCC_WARN_ABOUT_RETURN_TYPE = YES_ERROR;
				GCC_WARN_UNDECLARED_SELECTOR = YES;
				GCC_WARN_UNINITIALIZED_AUTOS = YES_AGGRESSIVE;
				GCC_WARN_UNUSED_FUNCTION = YES;
				GCC_WARN_UNUSED_VARIABLE = YES;
				IPHONEOS_DEPLOYMENT_TARGET = 11.2;
				MTL_ENABLE_DEBUG_INFO = NO;
				SDKROOT = iphoneos;
				SWIFT_OPTIMIZATION_LEVEL = "-Owholemodule";
				VALIDATE_PRODUCT = YES;
			};
			name = Release;
		};
		12C53E1720754AB8005824E3 /* Debug */ = {
			isa = XCBuildConfiguration;
			baseConfigurationReference = A62BE4410FE6EBAB1977BABF /* Pods-Project_Ios.debug.xcconfig */;
			buildSettings = {
				ASSETCATALOG_COMPILER_APPICON_NAME = AppIcon;
				CODE_SIGN_STYLE = Automatic;
				DEVELOPMENT_TEAM = 6V67VT3VM7;
				INFOPLIST_FILE = Project_Ios/Info.plist;
				LD_RUNPATH_SEARCH_PATHS = "$(inherited) @executable_path/Frameworks";
				PRODUCT_BUNDLE_IDENTIFIER = huy.trinh;
				PRODUCT_NAME = "$(TARGET_NAME)";
				SWIFT_VERSION = 4.0;
				TARGETED_DEVICE_FAMILY = "1,2";
			};
			name = Debug;
		};
		12C53E1820754AB8005824E3 /* Release */ = {
			isa = XCBuildConfiguration;
			baseConfigurationReference = 6C94714BDD9F266D7F091819 /* Pods-Project_Ios.release.xcconfig */;
			buildSettings = {
				ASSETCATALOG_COMPILER_APPICON_NAME = AppIcon;
				CODE_SIGN_STYLE = Automatic;
				DEVELOPMENT_TEAM = 6V67VT3VM7;
				INFOPLIST_FILE = Project_Ios/Info.plist;
				LD_RUNPATH_SEARCH_PATHS = "$(inherited) @executable_path/Frameworks";
				PRODUCT_BUNDLE_IDENTIFIER = huy.trinh;
				PRODUCT_NAME = "$(TARGET_NAME)";
				SWIFT_VERSION = 4.0;
				TARGETED_DEVICE_FAMILY = "1,2";
			};
			name = Release;
		};
		12C53E1A20754AB8005824E3 /* Debug */ = {
			isa = XCBuildConfiguration;
			baseConfigurationReference = 9E22CBD513728047C41760A8 /* Pods-Project_IosTests.debug.xcconfig */;
			buildSettings = {
				ALWAYS_EMBED_SWIFT_STANDARD_LIBRARIES = YES;
				BUNDLE_LOADER = "$(TEST_HOST)";
				CODE_SIGN_STYLE = Automatic;
				DEVELOPMENT_TEAM = 8L66U4CAC7;
				INFOPLIST_FILE = Project_IosTests/Info.plist;
				LD_RUNPATH_SEARCH_PATHS = "$(inherited) @executable_path/Frameworks @loader_path/Frameworks";
				PRODUCT_BUNDLE_IDENTIFIER = "Dat-Truong.Project-IosTests";
				PRODUCT_NAME = "$(TARGET_NAME)";
				SWIFT_VERSION = 4.0;
				TARGETED_DEVICE_FAMILY = "1,2";
				TEST_HOST = "$(BUILT_PRODUCTS_DIR)/Project_Ios.app/Project_Ios";
			};
			name = Debug;
		};
		12C53E1B20754AB8005824E3 /* Release */ = {
			isa = XCBuildConfiguration;
			baseConfigurationReference = 4F0546C71E6FF74A824D7204 /* Pods-Project_IosTests.release.xcconfig */;
			buildSettings = {
				ALWAYS_EMBED_SWIFT_STANDARD_LIBRARIES = YES;
				BUNDLE_LOADER = "$(TEST_HOST)";
				CODE_SIGN_STYLE = Automatic;
				DEVELOPMENT_TEAM = 8L66U4CAC7;
				INFOPLIST_FILE = Project_IosTests/Info.plist;
				LD_RUNPATH_SEARCH_PATHS = "$(inherited) @executable_path/Frameworks @loader_path/Frameworks";
				PRODUCT_BUNDLE_IDENTIFIER = "Dat-Truong.Project-IosTests";
				PRODUCT_NAME = "$(TARGET_NAME)";
				SWIFT_VERSION = 4.0;
				TARGETED_DEVICE_FAMILY = "1,2";
				TEST_HOST = "$(BUILT_PRODUCTS_DIR)/Project_Ios.app/Project_Ios";
			};
			name = Release;
		};
/* End XCBuildConfiguration section */

/* Begin XCConfigurationList section */
		12C53DF220754AB8005824E3 /* Build configuration list for PBXProject "Project_Ios" */ = {
			isa = XCConfigurationList;
			buildConfigurations = (
				12C53E1420754AB8005824E3 /* Debug */,
				12C53E1520754AB8005824E3 /* Release */,
			);
			defaultConfigurationIsVisible = 0;
			defaultConfigurationName = Release;
		};
		12C53E1620754AB8005824E3 /* Build configuration list for PBXNativeTarget "Project_Ios" */ = {
			isa = XCConfigurationList;
			buildConfigurations = (
				12C53E1720754AB8005824E3 /* Debug */,
				12C53E1820754AB8005824E3 /* Release */,
			);
			defaultConfigurationIsVisible = 0;
			defaultConfigurationName = Release;
		};
		12C53E1920754AB8005824E3 /* Build configuration list for PBXNativeTarget "Project_IosTests" */ = {
			isa = XCConfigurationList;
			buildConfigurations = (
				12C53E1A20754AB8005824E3 /* Debug */,
				12C53E1B20754AB8005824E3 /* Release */,
			);
			defaultConfigurationIsVisible = 0;
			defaultConfigurationName = Release;
		};
/* End XCConfigurationList section */
	};
	rootObject = 12C53DEF20754AB8005824E3 /* Project object */;
}
